
Microsoft Visual Studio Solution File, Format Version 12.00
# Visual Studio Version 17
VisualStudioVersion = 17.6.33815.320
MinimumVisualStudioVersion = 10.0.40219.1
Project("{9A19103F-16F7-4668-BE54-9A1E7A4F7556}") = "CarBookingSystem", "CarBookingSystem\CarBookingSystem.csproj", "{EA6FD467-955E-42D5-9AC5-47B403A12CF8}"
EndProject
Project("{9A19103F-16F7-4668-BE54-9A1E7A4F7556}") = "DataAccessLayer", "Data Access Layer\DataAccessLayer.csproj", "{85424E39-E988-4352-8236-EAC7ED933670}"
EndProject
Project("{9A19103F-16F7-4668-BE54-9A1E7A4F7556}") = "BusinessAccessLayer", "BusinessAccessLayer\BusinessAccessLayer.csproj", "{0D203EDF-F613-496F-A88A-3DA4504391C0}"
EndProject
Global
	GlobalSection(SolutionConfigurationPlatforms) = preSolution
		Debug|Any CPU = Debug|Any CPU
		Release|Any CPU = Release|Any CPU
	EndGlobalSection
	GlobalSection(ProjectConfigurationPlatforms) = postSolution
		{EA6FD467-955E-42D5-9AC5-47B403A12CF8}.Debug|Any CPU.ActiveCfg = Debug|Any CPU
		{EA6FD467-955E-42D5-9AC5-47B403A12CF8}.Debug|Any CPU.Build.0 = Debug|Any CPU
		{EA6FD467-955E-42D5-9AC5-47B403A12CF8}.Release|Any CPU.ActiveCfg = Release|Any CPU
		{EA6FD467-955E-42D5-9AC5-47B403A12CF8}.Release|Any CPU.Build.0 = Release|Any CPU
		{85424E39-E988-4352-8236-EAC7ED933670}.Debug|Any CPU.ActiveCfg = Debug|Any CPU
		{85424E39-E988-4352-8236-EAC7ED933670}.Debug|Any CPU.Build.0 = Debug|Any CPU
		{85424E39-E988-4352-8236-EAC7ED933670}.Release|Any CPU.ActiveCfg = Release|Any CPU
		{85424E39-E988-4352-8236-EAC7ED933670}.Release|Any CPU.Build.0 = Release|Any CPU
		{0D203EDF-F613-496F-A88A-3DA4504391C0}.Debug|Any CPU.ActiveCfg = Debug|Any CPU
		{0D203EDF-F613-496F-A88A-3DA4504391C0}.Debug|Any CPU.Build.0 = Debug|Any CPU
		{0D203EDF-F613-496F-A88A-3DA4504391C0}.Release|Any CPU.ActiveCfg = Release|Any CPU
		{0D203EDF-F613-496F-A88A-3DA4504391C0}.Release|Any CPU.Build.0 = Release|Any CPU
	EndGlobalSection
	GlobalSection(SolutionProperties) = preSolution
		HideSolutionNode = FALSE
	EndGlobalSection
	GlobalSection(ExtensibilityGlobals) = postSolution
		SolutionGuid = {9D3529A4-6DB8-4DE7-9C2E-03B433F14C20}
	EndGlobalSection
EndGlobal
